
Microsoft Visual Studio Solution File, Format Version 12.00
# Visual Studio Version 16
VisualStudioVersion = 16.0.30709.64
MinimumVisualStudioVersion = 10.0.40219.1
Project("{9A19103F-16F7-4668-BE54-9A1E7A4F7556}") = "Springburg", "src\Springburg.csproj", "{6EC15F3F-73A9-4BBD-9902-4092A23E474D}"
EndProject
Project("{9A19103F-16F7-4668-BE54-9A1E7A4F7556}") = "Springburg.Test", "test\Springburg.Test.csproj", "{6E3D5974-09D9-42FC-8F66-9F71747AFAC4}"
EndProject
Project("{2150E333-8FDC-42A3-9474-1A3956D46DE8}") = "Solution Items", "Solution Items", "{67D18B80-9204-4765-8A7E-ED93EB946A6C}"
	ProjectSection(SolutionItems) = preProject
		.editorconfig = .editorconfig
	EndProjectSection
EndProject
Global
	GlobalSection(SolutionConfigurationPlatforms) = preSolution
		Debug|Any CPU = Debug|Any CPU
		Release|Any CPU = Release|Any CPU
	EndGlobalSection
	GlobalSection(ProjectConfigurationPlatforms) = postSolution
		{6EC15F3F-73A9-4BBD-9902-4092A23E474D}.Debug|Any CPU.ActiveCfg = Debug|Any CPU
		{6EC15F3F-73A9-4BBD-9902-4092A23E474D}.Debug|Any CPU.Build.0 = Debug|Any CPU
		{6EC15F3F-73A9-4BBD-9902-4092A23E474D}.Release|Any CPU.ActiveCfg = Release|Any CPU
		{6EC15F3F-73A9-4BBD-9902-4092A23E474D}.Release|Any CPU.Build.0 = Release|Any CPU
		{6E3D5974-09D9-42FC-8F66-9F71747AFAC4}.Debug|Any CPU.ActiveCfg = Debug|Any CPU
		{6E3D5974-09D9-42FC-8F66-9F71747AFAC4}.Debug|Any CPU.Build.0 = Debug|Any CPU
		{6E3D5974-09D9-42FC-8F66-9F71747AFAC4}.Release|Any CPU.ActiveCfg = Release|Any CPU
		{6E3D5974-09D9-42FC-8F66-9F71747AFAC4}.Release|Any CPU.Build.0 = Release|Any CPU
	EndGlobalSection
	GlobalSection(SolutionProperties) = preSolution
		HideSolutionNode = FALSE
	EndGlobalSection
	GlobalSection(ExtensibilityGlobals) = postSolution
		SolutionGuid = {C3407166-5C00-4493-A42E-6AFA1088472E}
	EndGlobalSection
EndGlobal
